
Microsoft Visual Studio Solution File, Format Version 12.00
# Visual Studio Version 17
VisualStudioVersion = 17.0.31717.71
MinimumVisualStudioVersion = 10.0.40219.1
Project("{9A19103F-16F7-4668-BE54-9A1E7A4F7556}") = "ScottPlot", "ScottPlot5\ScottPlot.csproj", "{9EBDE18F-F155-4C30-AEDC-624D4AA13E8C}"
EndProject
Project("{2150E333-8FDC-42A3-9474-1A3956D46DE8}") = "Controls", "Controls", "{957BAA80-422B-4231-BEC1-D03FD89425A2}"
EndProject
Project("{9A19103F-16F7-4668-BE54-9A1E7A4F7556}") = "ScottPlot.WinForms", "ScottPlot5 Controls\ScottPlot.WinForms\ScottPlot.WinForms.csproj", "{7533069F-CC26-4B2F-8F23-4D5451C75538}"
EndProject
Project("{9A19103F-16F7-4668-BE54-9A1E7A4F7556}") = "ScottPlot.WPF", "ScottPlot5 Controls\ScottPlot.WPF\ScottPlot.WPF.csproj", "{F40FDE7D-9B87-4D3D-AEBE-8CA1CF29A10A}"
EndProject
Project("{2150E333-8FDC-42A3-9474-1A3956D46DE8}") = "Tests", "Tests", "{B1234567-89AB-CDEF-0123-456789ABCDEF}"
EndProject
Project("{9A19103F-16F7-4668-BE54-9A1E7A4F7556}") = "ScottPlot.WinForms.Testbed", "Tests\ScottPlot5.WinForms.Testbed\ScottPlot.WinForms.Testbed.csproj", "{A1B2C3D4-E5F6-7890-ABCD-EF1234567890}"
EndProject
Global
	GlobalSection(SolutionConfigurationPlatforms) = preSolution
		Debug|Any CPU = Debug|Any CPU
		Release|Any CPU = Release|Any CPU
	EndGlobalSection
	GlobalSection(ProjectConfigurationPlatforms) = postSolution
		{9EBDE18F-F155-4C30-AEDC-624D4AA13E8C}.Debug|Any CPU.ActiveCfg = Debug|Any CPU
		{9EBDE18F-F155-4C30-AEDC-624D4AA13E8C}.Debug|Any CPU.Build.0 = Debug|Any CPU
		{9EBDE18F-F155-4C30-AEDC-624D4AA13E8C}.Release|Any CPU.ActiveCfg = Release|Any CPU
		{9EBDE18F-F155-4C30-AEDC-624D4AA13E8C}.Release|Any CPU.Build.0 = Release|Any CPU
		{7533069F-CC26-4B2F-8F23-4D5451C75538}.Debug|Any CPU.ActiveCfg = Debug|Any CPU
		{7533069F-CC26-4B2F-8F23-4D5451C75538}.Debug|Any CPU.Build.0 = Debug|Any CPU
		{7533069F-CC26-4B2F-8F23-4D5451C75538}.Release|Any CPU.ActiveCfg = Release|Any CPU
		{7533069F-CC26-4B2F-8F23-4D5451C75538}.Release|Any CPU.Build.0 = Release|Any CPU
		{F40FDE7D-9B87-4D3D-AEBE-8CA1CF29A10A}.Debug|Any CPU.ActiveCfg = Debug|Any CPU
		{F40FDE7D-9B87-4D3D-AEBE-8CA1CF29A10A}.Debug|Any CPU.Build.0 = Debug|Any CPU
		{F40FDE7D-9B87-4D3D-AEBE-8CA1CF29A10A}.Release|Any CPU.ActiveCfg = Release|Any CPU
		{F40FDE7D-9B87-4D3D-AEBE-8CA1CF29A10A}.Release|Any CPU.Build.0 = Release|Any CPU
		{A1B2C3D4-E5F6-7890-ABCD-EF1234567890}.Debug|Any CPU.ActiveCfg = Debug|Any CPU
		{A1B2C3D4-E5F6-7890-ABCD-EF1234567890}.Debug|Any CPU.Build.0 = Debug|Any CPU
		{A1B2C3D4-E5F6-7890-ABCD-EF1234567890}.Release|Any CPU.ActiveCfg = Release|Any CPU
		{A1B2C3D4-E5F6-7890-ABCD-EF1234567890}.Release|Any CPU.Build.0 = Release|Any CPU
	EndGlobalSection
	GlobalSection(SolutionProperties) = preSolution
		HideSolutionNode = FALSE
	EndGlobalSection
	GlobalSection(NestedProjects) = preSolution
		{7533069F-CC26-4B2F-8F23-4D5451C75538} = {957BAA80-422B-4231-BEC1-D03FD89425A2}
		{F40FDE7D-9B87-4D3D-AEBE-8CA1CF29A10A} = {957BAA80-422B-4231-BEC1-D03FD89425A2}
		{A1B2C3D4-E5F6-7890-ABCD-EF1234567890} = {B1234567-89AB-CDEF-0123-456789ABCDEF}
	EndGlobalSection
	GlobalSection(ExtensibilityGlobals) = postSolution
		SolutionGuid = {FBAE082A-173A-4F13-BE31-E6C070513C9C}
	EndGlobalSection
EndGlobal
